
Microsoft Visual Studio Solution File, Format Version 12.00
# Visual Studio Version 17
VisualStudioVersion = 17.14.36203.30 d17.14
MinimumVisualStudioVersion = 10.0.40219.1
Project("{FAE04EC0-301F-11D3-BF4B-00C04F79EFBC}") = "Autoria 2", "Autoria 2\Autoria 2.csproj", "{A0DBF021-F959-4315-906F-F32045043FAD}"
EndProject
Global
	GlobalSection(SolutionConfigurationPlatforms) = preSolution
		Debug|Any CPU = Debug|Any CPU
		Release|Any CPU = Release|Any CPU
	EndGlobalSection
	GlobalSection(ProjectConfigurationPlatforms) = postSolution
		{A0DBF021-F959-4315-906F-F32045043FAD}.Debug|Any CPU.ActiveCfg = Debug|Any CPU
		{A0DBF021-F959-4315-906F-F32045043FAD}.Debug|Any CPU.Build.0 = Debug|Any CPU
		{A0DBF021-F959-4315-906F-F32045043FAD}.Release|Any CPU.ActiveCfg = Release|Any CPU
		{A0DBF021-F959-4315-906F-F32045043FAD}.Release|Any CPU.Build.0 = Release|Any CPU
	EndGlobalSection
	GlobalSection(SolutionProperties) = preSolution
		HideSolutionNode = FALSE
	EndGlobalSection
	GlobalSection(ExtensibilityGlobals) = postSolution
		SolutionGuid = {F9E5EAC8-EA29-40A8-AAF4-B7AF2488B3B6}
	EndGlobalSection
EndGlobal
